Microsoft Visual Studio Solution File, Format Version 12.00
# Visual Studio 2013
VisualStudioVersion = 12.0.30501.0
MinimumVisualStudioVersion = 10.0.40219.1
Project("{8BC9CEB8-8B4A-11D0-8D11-00A0C91BC942}") = "shared", "VC120\shared.vcxproj", "{C634CCD2-DE70-4ACB-9D15-2D0B69E67B94}"
EndProject
Project("{8BC9CEB8-8B4A-11D0-8D11-00A0C91BC942}") = "szatyor", "VC120\szatyor.vcxproj", "{00068E27-D43F-49C3-9152-0E053AA858EA}"
	ProjectSection(ProjectDependencies) = postProject
		{C634CCD2-DE70-4ACB-9D15-2D0B69E67B94} = {C634CCD2-DE70-4ACB-9D15-2D0B69E67B94}
	EndProjectSection
EndProject
Project("{8BC9CEB8-8B4A-11D0-8D11-00A0C91BC942}") = "szimat", "VC120\szimat.vcxproj", "{5D462871-6781-4F42-9D07-DC7A3804420D}"
	ProjectSection(ProjectDependencies) = postProject
		{C634CCD2-DE70-4ACB-9D15-2D0B69E67B94} = {C634CCD2-DE70-4ACB-9D15-2D0B69E67B94}
	EndProjectSection
EndProject
Global
	GlobalSection(SolutionConfigurationPlatforms) = preSolution
		Debug|Win32 = Debug|Win32
		MinSizeRel|Win32 = MinSizeRel|Win32
		Release|Win32 = Release|Win32
		RelWithDebInfo|Win32 = RelWithDebInfo|Win32
	EndGlobalSection
	GlobalSection(ProjectConfigurationPlatforms) = postSolution
		{C634CCD2-DE70-4ACB-9D15-2D0B69E67B94}.Debug|Win32.ActiveCfg = Debug|Win32
		{C634CCD2-DE70-4ACB-9D15-2D0B69E67B94}.Debug|Win32.Build.0 = Debug|Win32
		{C634CCD2-DE70-4ACB-9D15-2D0B69E67B94}.MinSizeRel|Win32.ActiveCfg = MinSizeRel|Win32
		{C634CCD2-DE70-4ACB-9D15-2D0B69E67B94}.MinSizeRel|Win32.Build.0 = MinSizeRel|Win32
		{C634CCD2-DE70-4ACB-9D15-2D0B69E67B94}.Release|Win32.ActiveCfg = Release|Win32
		{C634CCD2-DE70-4ACB-9D15-2D0B69E67B94}.Release|Win32.Build.0 = Release|Win32
		{C634CCD2-DE70-4ACB-9D15-2D0B69E67B94}.RelWithDebInfo|Win32.ActiveCfg = RelWithDebInfo|Win32
		{C634CCD2-DE70-4ACB-9D15-2D0B69E67B94}.RelWithDebInfo|Win32.Build.0 = RelWithDebInfo|Win32
		{00068E27-D43F-49C3-9152-0E053AA858EA}.Debug|Win32.ActiveCfg = Debug|Win32
		{00068E27-D43F-49C3-9152-0E053AA858EA}.Debug|Win32.Build.0 = Debug|Win32
		{00068E27-D43F-49C3-9152-0E053AA858EA}.MinSizeRel|Win32.ActiveCfg = MinSizeRel|Win32
		{00068E27-D43F-49C3-9152-0E053AA858EA}.MinSizeRel|Win32.Build.0 = MinSizeRel|Win32
		{00068E27-D43F-49C3-9152-0E053AA858EA}.Release|Win32.ActiveCfg = Release|Win32
		{00068E27-D43F-49C3-9152-0E053AA858EA}.Release|Win32.Build.0 = Release|Win32
		{00068E27-D43F-49C3-9152-0E053AA858EA}.RelWithDebInfo|Win32.ActiveCfg = RelWithDebInfo|Win32
		{00068E27-D43F-49C3-9152-0E053AA858EA}.RelWithDebInfo|Win32.Build.0 = RelWithDebInfo|Win32
		{5D462871-6781-4F42-9D07-DC7A3804420D}.Debug|Win32.ActiveCfg = Debug|Win32
		{5D462871-6781-4F42-9D07-DC7A3804420D}.Debug|Win32.Build.0 = Debug|Win32
		{5D462871-6781-4F42-9D07-DC7A3804420D}.MinSizeRel|Win32.ActiveCfg = MinSizeRel|Win32
		{5D462871-6781-4F42-9D07-DC7A3804420D}.MinSizeRel|Win32.Build.0 = MinSizeRel|Win32
		{5D462871-6781-4F42-9D07-DC7A3804420D}.Release|Win32.ActiveCfg = Release|Win32
		{5D462871-6781-4F42-9D07-DC7A3804420D}.Release|Win32.Build.0 = Release|Win32
		{5D462871-6781-4F42-9D07-DC7A3804420D}.RelWithDebInfo|Win32.ActiveCfg = RelWithDebInfo|Win32
		{5D462871-6781-4F42-9D07-DC7A3804420D}.RelWithDebInfo|Win32.Build.0 = RelWithDebInfo|Win32
	EndGlobalSection
	GlobalSection(SolutionProperties) = preSolution
		HideSolutionNode = FALSE
	EndGlobalSection
EndGlobal
